
Microsoft Visual Studio Solution File, Format Version 12.00
# Visual Studio Version 16
VisualStudioVersion = 16.0.32602.291
MinimumVisualStudioVersion = 10.0.40219.1
Project("{FAE04EC0-301F-11D3-BF4B-00C04F79EFBC}") = "LearningDictionaries", "LearningDictionaries\LearningDictionaries.csproj", "{3184C42E-C468-4AB8-BC56-0877096C7E91}"
EndProject
Global
	GlobalSection(SolutionConfigurationPlatforms) = preSolution
		Debug|Any CPU = Debug|Any CPU
		Release|Any CPU = Release|Any CPU
	EndGlobalSection
	GlobalSection(ProjectConfigurationPlatforms) = postSolution
		{3184C42E-C468-4AB8-BC56-0877096C7E91}.Debug|Any CPU.ActiveCfg = Debug|Any CPU
		{3184C42E-C468-4AB8-BC56-0877096C7E91}.Debug|Any CPU.Build.0 = Debug|Any CPU
		{3184C42E-C468-4AB8-BC56-0877096C7E91}.Release|Any CPU.ActiveCfg = Release|Any CPU
		{3184C42E-C468-4AB8-BC56-0877096C7E91}.Release|Any CPU.Build.0 = Release|Any CPU
	EndGlobalSection
	GlobalSection(SolutionProperties) = preSolution
		HideSolutionNode = FALSE
	EndGlobalSection
	GlobalSection(ExtensibilityGlobals) = postSolution
		SolutionGuid = {648A30A2-BD89-4D9D-8EB8-3BB6DBDFF5EB}
	EndGlobalSection
EndGlobal
