
Microsoft Visual Studio Solution File, Format Version 12.00
# Visual Studio Version 17
VisualStudioVersion = 17.2.32616.157
MinimumVisualStudioVersion = 10.0.40219.1
Project("{FAE04EC0-301F-11D3-BF4B-00C04F79EFBC}") = "Variables", "Variables\Variables.csproj", "{56BE71AB-1CF4-4A1D-A249-6F90EC3F3D63}"
EndProject
Global
	GlobalSection(SolutionConfigurationPlatforms) = preSolution
		Debug|Any CPU = Debug|Any CPU
		Release|Any CPU = Release|Any CPU
	EndGlobalSection
	GlobalSection(ProjectConfigurationPlatforms) = postSolution
		{56BE71AB-1CF4-4A1D-A249-6F90EC3F3D63}.Debug|Any CPU.ActiveCfg = Debug|Any CPU
		{56BE71AB-1CF4-4A1D-A249-6F90EC3F3D63}.Debug|Any CPU.Build.0 = Debug|Any CPU
		{56BE71AB-1CF4-4A1D-A249-6F90EC3F3D63}.Release|Any CPU.ActiveCfg = Release|Any CPU
		{56BE71AB-1CF4-4A1D-A249-6F90EC3F3D63}.Release|Any CPU.Build.0 = Release|Any CPU
	EndGlobalSection
	GlobalSection(SolutionProperties) = preSolution
		HideSolutionNode = FALSE
	EndGlobalSection
	GlobalSection(ExtensibilityGlobals) = postSolution
		SolutionGuid = {E76B0A71-6E93-46DF-B1A3-E44385AB3C77}
	EndGlobalSection
EndGlobal
