
Microsoft Visual Studio Solution File, Format Version 12.00
# Visual Studio Version 16
VisualStudioVersion = 16.0.32602.291
MinimumVisualStudioVersion = 10.0.40219.1
Project("{FAE04EC0-301F-11D3-BF4B-00C04F79EFBC}") = "LearningMethods", "LearningMethods\LearningMethods.csproj", "{0F6B60CE-A631-4752-A1D4-9019411F1BDE}"
EndProject
Global
	GlobalSection(SolutionConfigurationPlatforms) = preSolution
		Debug|Any CPU = Debug|Any CPU
		Release|Any CPU = Release|Any CPU
	EndGlobalSection
	GlobalSection(ProjectConfigurationPlatforms) = postSolution
		{0F6B60CE-A631-4752-A1D4-9019411F1BDE}.Debug|Any CPU.ActiveCfg = Debug|Any CPU
		{0F6B60CE-A631-4752-A1D4-9019411F1BDE}.Debug|Any CPU.Build.0 = Debug|Any CPU
		{0F6B60CE-A631-4752-A1D4-9019411F1BDE}.Release|Any CPU.ActiveCfg = Release|Any CPU
		{0F6B60CE-A631-4752-A1D4-9019411F1BDE}.Release|Any CPU.Build.0 = Release|Any CPU
	EndGlobalSection
	GlobalSection(SolutionProperties) = preSolution
		HideSolutionNode = FALSE
	EndGlobalSection
	GlobalSection(ExtensibilityGlobals) = postSolution
		SolutionGuid = {A2E7AA67-79B3-416E-A908-901C66CFC3C9}
	EndGlobalSection
EndGlobal
